
Microsoft Visual Studio Solution File, Format Version 12.00
# Visual Studio 15
VisualStudioVersion = 15.0.28010.2046
MinimumVisualStudioVersion = 10.0.40219.1
Project("{FAE04EC0-301F-11D3-BF4B-00C04F79EFBC}") = "ImplementingREST", "ImplementingREST\ImplementingREST.csproj", "{EAF7AF74-A4B9-4FB3-80E8-A886D26C5BAD}"
EndProject
Global
	GlobalSection(SolutionConfigurationPlatforms) = preSolution
		Debug|Any CPU = Debug|Any CPU
		Release|Any CPU = Release|Any CPU
	EndGlobalSection
	GlobalSection(ProjectConfigurationPlatforms) = postSolution
		{EAF7AF74-A4B9-4FB3-80E8-A886D26C5BAD}.Debug|Any CPU.ActiveCfg = Debug|Any CPU
		{EAF7AF74-A4B9-4FB3-80E8-A886D26C5BAD}.Debug|Any CPU.Build.0 = Debug|Any CPU
		{EAF7AF74-A4B9-4FB3-80E8-A886D26C5BAD}.Release|Any CPU.ActiveCfg = Release|Any CPU
		{EAF7AF74-A4B9-4FB3-80E8-A886D26C5BAD}.Release|Any CPU.Build.0 = Release|Any CPU
	EndGlobalSection
	GlobalSection(SolutionProperties) = preSolution
		HideSolutionNode = FALSE
	EndGlobalSection
	GlobalSection(ExtensibilityGlobals) = postSolution
		SolutionGuid = {EADF3B66-DE65-408C-BE86-EFBD7A7C6485}
	EndGlobalSection
EndGlobal
